{
  "name": "react-native-keyboard",
  "version": "2.0.1",
  "lockfileVersion": 1,
  "requires": true,
  "dependencies": {
    "css-mediaquery": {
      "version": "0.1.2",
      "resolved": "https://registry.npmjs.org/css-mediaquery/-/css-mediaquery-0.1.2.tgz",
      "integrity": "sha1-aiw3NEkoYYYxxUvTPO3TAdoYvqA="
    },
    "object-resolve-path": {
      "version": "1.1.1",
      "resolved": "https://registry.npmjs.org/object-resolve-path/-/object-resolve-path-1.1.1.tgz",
      "integrity": "sha1-p/j5Poogr4DkQhe6fbVDFtnRIjI="
    },
    "react-native-extended-stylesheet": {
      "version": "0.8.1",
      "resolved": "https://registry.npmjs.org/react-native-extended-stylesheet/-/react-native-extended-stylesheet-0.8.1.tgz",
      "integrity": "sha512-TmUsT3qqbDXSoZV9iTrxcf8LQAwuGoYOkGmcxslys1K8KNplmfPh5gjuBiVx23lckdp2QpS7/y7n0SNOXRY3AQ==",
      "requires": {
        "css-mediaquery": "^0.1.2",
        "object-resolve-path": "^1.1.0"
      }
    }
  }
}
